// !$*UTF8*$!
{
	archiveVersion = 1;
	classes = {
	};
	objectVersion = 46;
	objects = {

/* Begin PBXBuildFile section */
		49DEE0511BC7A9C200AC965D /* AppDelegate.swift in Sources */ = {isa = PBXBuildFile; fileRef = 49DEE0501BC7A9C200AC965D /* AppDelegate.swift */; };
		49DEE0581BC7A9C200AC965D /* Assets.xcassets in Resources */ = {isa = PBXBuildFile; fileRef = 49DEE0571BC7A9C200AC965D /* Assets.xcassets */; };
		49DEE05B1BC7A9C200AC965D /* LaunchScreen.storyboard in Resources */ = {isa = PBXBuildFile; fileRef = 49DEE0591BC7A9C200AC965D /* LaunchScreen.storyboard */; };
		49DEE0631BC7AA3500AC965D /* MainViewController.swift in Sources */ = {isa = PBXBuildFile; fileRef = 49DEE0621BC7AA3500AC965D /* MainViewController.swift */; settings = {ASSET_TAGS = (); }; };
		49DEE0651BC7B0B300AC965D /* DetailViewController.swift in Sources */ = {isa = PBXBuildFile; fileRef = 49DEE0641BC7B0B300AC965D /* DetailViewController.swift */; settings = {ASSET_TAGS = (); }; };
		49DEE0671BC7B0D200AC965D /* MainViewController+UIViewControllerPreviewing.swift in Sources */ = {isa = PBXBuildFile; fileRef = 49DEE0661BC7B0D200AC965D /* MainViewController+UIViewControllerPreviewing.swift */; settings = {ASSET_TAGS = (); }; };
/* End PBXBuildFile section */

/* Begin PBXFileReference section */
		49DEE04D1BC7A9C200AC965D /* 3DTouchDemo.app */ = {isa = PBXFileReference; explicitFileType = wrapper.application; includeInIndex = 0; path = 3DTouchDemo.app; sourceTree = BUILT_PRODUCTS_DIR; };
		49DEE0501BC7A9C200AC965D /* AppDelegate.swift */ = {isa = PBXFileReference; lastKnownFileType = sourcecode.swift; path = AppDelegate.swift; sourceTree = "<group>"; };
		49DEE0571BC7A9C200AC965D /* Assets.xcassets */ = {isa = PBXFileReference; lastKnownFileType = folder.assetcatalog; path = Assets.xcassets; sourceTree = "<group>"; };
		49DEE05A1BC7A9C200AC965D /* Base */ = {isa = PBXFileReference; lastKnownFileType = file.storyboard; name = Base; path = Base.lproj/LaunchScreen.storyboard; sourceTree = "<group>"; };
		49DEE05C1BC7A9C200AC965D /* Info.plist */ = {isa = PBXFileReference; lastKnownFileType = text.plist.xml; path = Info.plist; sourceTree = "<group>"; };
		49DEE0621BC7AA3500AC965D /* MainViewController.swift */ = {isa = PBXFileReference; fileEncoding = 4; lastKnownFileType = sourcecode.swift; path = MainViewController.swift; sourceTree = "<group>"; };
		49DEE0641BC7B0B300AC965D /* DetailViewController.swift */ = {isa = PBXFileReference; fileEncoding = 4; lastKnownFileType = sourcecode.swift; path = DetailViewController.swift; sourceTree = "<group>"; };
		49DEE0661BC7B0D200AC965D /* MainViewController+UIViewControllerPreviewing.swift */ = {isa = PBXFileReference; fileEncoding = 4; lastKnownFileType = sourcecode.swift; path = "MainViewController+UIViewControllerPreviewing.swift"; sourceTree = "<group>"; };
/* End PBXFileReference section */

/* Begin PBXFrameworksBuildPhase section */
		49DEE04A1BC7A9C200AC965D /* Frameworks */ = {
			isa = PBXFrameworksBuildPhase;
			buildActionMask = 2147483647;
			files = (
			);
			runOnlyForDeploymentPostprocessing = 0;
		};
/* End PBXFrameworksBuildPhase section */

/* Begin PBXGroup section */
		49DEE0441BC7A9C200AC965D = {
			isa = PBXGroup;
			children = (
				49DEE04F1BC7A9C200AC965D /* 3DTouchDemo */,
				49DEE04E1BC7A9C200AC965D /* Products */,
			);
			sourceTree = "<group>";
		};
		49DEE04E1BC7A9C200AC965D /* Products */ = {
			isa = PBXGroup;
			children = (
				49DEE04D1BC7A9C200AC965D /* 3DTouchDemo.app */,
			);
			name = Products;
			sourceTree = "<group>";
		};
		49DEE04F1BC7A9C200AC965D /* 3DTouchDemo */ = {
			isa = PBXGroup;
			children = (
				49DEE0501BC7A9C200AC965D /* AppDelegate.swift */,
				49DEE0621BC7AA3500AC965D /* MainViewController.swift */,
				49DEE0641BC7B0B300AC965D /* DetailViewController.swift */,
				49DEE0661BC7B0D200AC965D /* MainViewController+UIViewControllerPreviewing.swift */,
				49DEE0571BC7A9C200AC965D /* Assets.xcassets */,
				49DEE0591BC7A9C200AC965D /* LaunchScreen.storyboard */,
				49DEE05C1BC7A9C200AC965D /* Info.plist */,
			);
			path = 3DTouchDemo;
			sourceTree = "<group>";
		};
/* End PBXGroup section */

/* Begin PBXNativeTarget section */
		49DEE04C1BC7A9C200AC965D /* 3DTouchDemo */ = {
			isa = PBXNativeTarget;
			buildConfigurationList = 49DEE05F1BC7A9C200AC965D /* Build configuration list for PBXNativeTarget "3DTouchDemo" */;
			buildPhases = (
				49DEE0491BC7A9C200AC965D /* Sources */,
				49DEE04A1BC7A9C200AC965D /* Frameworks */,
				49DEE04B1BC7A9C200AC965D /* Resources */,
			);
			buildRules = (
			);
			dependencies = (
			);
			name = 3DTouchDemo;
			productName = 3DTouchDemo;
			productReference = 49DEE04D1BC7A9C200AC965D /* 3DTouchDemo.app */;
			productType = "com.apple.product-type.application";
		};
/* End PBXNativeTarget section */

/* Begin PBXProject section */
		49DEE0451BC7A9C200AC965D /* Project object */ = {
			isa = PBXProject;
			attributes = {
				LastUpgradeCheck = 0700;
				ORGANIZATIONNAME = harry;
				TargetAttributes = {
					49DEE04C1BC7A9C200AC965D = {
						CreatedOnToolsVersion = 7.0;
					};
				};
			};
			buildConfigurationList = 49DEE0481BC7A9C200AC965D /* Build configuration list for PBXProject "3DTouchDemo" */;
			compatibilityVersion = "Xcode 3.2";
			developmentRegion = English;
			hasScannedForEncodings = 0;
			knownRegions = (
				en,
				Base,
			);
			mainGroup = 49DEE0441BC7A9C200AC965D;
			productRefGroup = 49DEE04E1BC7A9C200AC965D /* Products */;
			projectDirPath = "";
			projectRoot = "";
			targets = (
				49DEE04C1BC7A9C200AC965D /* 3DTouchDemo */,
			);
		};
/* End PBXProject section */

/* Begin PBXResourcesBuildPhase section */
		49DEE04B1BC7A9C200AC965D /* Resources */ = {
			isa = PBXResourcesBuildPhase;
			buildActionMask = 2147483647;
			files = (
				49DEE05B1BC7A9C200AC965D /* LaunchScreen.storyboard in Resources */,
				49DEE0581BC7A9C200AC965D /* Assets.xcassets in Resources */,
			);
			runOnlyForDeploymentPostprocessing = 0;
		};
/* End PBXResourcesBuildPhase section */

/* Begin PBXSourcesBuildPhase section */
		49DEE0491BC7A9C200AC965D /* Sources */ = {
			isa = PBXSourcesBuildPhase;
			buildActionMask = 2147483647;
			files = (
				49DEE0651BC7B0B300AC965D /* DetailViewController.swift in Sources */,
				49DEE0631BC7AA3500AC965D /* MainViewController.swift in Sources */,
				49DEE0671BC7B0D200AC965D /* MainViewController+UIViewControllerPreviewing.swift in Sources */,
				49DEE0511BC7A9C200AC965D /* AppDelegate.swift in Sources */,
			);
			runOnlyForDeploymentPostprocessing = 0;
		};
/* End PBXSourcesBuildPhase section */

/* Begin PBXVariantGroup section */
		49DEE0591BC7A9C200AC965D /* LaunchScreen.storyboard */ = {
			isa = PBXVariantGroup;
			children = (
				49DEE05A1BC7A9C200AC965D /* Base */,
			);
			name = LaunchScreen.storyboard;
			sourceTree = "<group>";
		};
/* End PBXVariantGroup section */

/* Begin XCBuildConfiguration section */
		49DEE05D1BC7A9C200AC965D /* Debug */ = {
			isa = XCBuildConfiguration;
			buildSettings = {
				ALWAYS_SEARCH_USER_PATHS = NO;
				CLANG_CXX_LANGUAGE_STANDARD = "gnu++0x";
				CLANG_CXX_LIBRARY = "libc++";
				CLANG_ENABLE_MODULES = YES;
				CLANG_ENABLE_OBJC_ARC = YES;
				CLANG_WARN_BOOL_CONVERSION = YES;
				CLANG_WARN_CONSTANT_CONVERSION = YES;
				CLANG_WARN_DIRECT_OBJC_ISA_USAGE = YES_ERROR;
				CLANG_WARN_EMPTY_BODY = YES;
				CLANG_WARN_ENUM_CONVERSION = YES;
				CLANG_WARN_INT_CONVERSION = YES;
				CLANG_WARN_OBJC_ROOT_CLASS = YES_ERROR;
				CLANG_WARN_UNREACHABLE_CODE = YES;
				CLANG_WARN__DUPLICATE_METHOD_MATCH = YES;
				"CODE_SIGN_IDENTITY[sdk=iphoneos*]" = "iPhone Developer";
				COPY_PHASE_STRIP = NO;
				DEBUG_INFORMATION_FORMAT = dwarf;
				ENABLE_STRICT_OBJC_MSGSEND = YES;
				ENABLE_TESTABILITY = YES;
				GCC_C_LANGUAGE_STANDARD = gnu99;
				GCC_DYNAMIC_NO_PIC = NO;
				GCC_NO_COMMON_BLOCKS = YES;
				GCC_OPTIMIZATION_LEVEL = 0;
				GCC_PREPROCESSOR_DEFINITIONS = (
					"DEBUG=1",
					"$(inherited)",
				);
				GCC_WARN_64_TO_32_BIT_CONVERSION = YES;
				GCC_WARN_ABOUT_RETURN_TYPE = YES_ERROR;
				GCC_WARN_UNDECLARED_SELECTOR = YES;
				GCC_WARN_UNINITIALIZED_AUTOS = YES_AGGRESSIVE;
				GCC_WARN_UNUSED_FUNCTION = YES;
				GCC_WARN_UNUSED_VARIABLE = YES;
				IPHONEOS_DEPLOYMENT_TARGET = 9.0;
				MTL_ENABLE_DEBUG_INFO = YES;
				ONLY_ACTIVE_ARCH = YES;
				SDKROOT = iphoneos;
				SWIFT_OPTIMIZATION_LEVEL = "-Onone";
			};
			name = Debug;
		};
		49DEE05E1BC7A9C200AC965D /* Release */ = {
			isa = XCBuildConfiguration;
			buildSettings = {
				ALWAYS_SEARCH_USER_PATHS = NO;
				CLANG_CXX_LANGUAGE_STANDARD = "gnu++0x";
				CLANG_CXX_LIBRARY = "libc++";
				CLANG_ENABLE_MODULES = YES;
				CLANG_ENABLE_OBJC_ARC = YES;
				CLANG_WARN_BOOL_CONVERSION = YES;
				CLANG_WARN_CONSTANT_CONVERSION = YES;
				CLANG_WARN_DIRECT_OBJC_ISA_USAGE = YES_ERROR;
				CLANG_WARN_EMPTY_BODY = YES;
				CLANG_WARN_ENUM_CONVERSION = YES;
				CLANG_WARN_INT_CONVERSION = YES;
				CLANG_WARN_OBJC_ROOT_CLASS = YES_ERROR;
				CLANG_WARN_UNREACHABLE_CODE = YES;
				CLANG_WARN__DUPLICATE_METHOD_MATCH = YES;
				"CODE_SIGN_IDENTITY[sdk=iphoneos*]" = "iPhone Developer";
				COPY_PHASE_STRIP = NO;
				DEBUG_INFORMATION_FORMAT = "dwarf-with-dsym";
				ENABLE_NS_ASSERTIONS = NO;
				ENABLE_STRICT_OBJC_MSGSEND = YES;
				GCC_C_LANGUAGE_STANDARD = gnu99;
				GCC_NO_COMMON_BLOCKS = YES;
				GCC_WARN_64_TO_32_BIT_CONVERSION = YES;
				GCC_WARN_ABOUT_RETURN_TYPE = YES_ERROR;
				GCC_WARN_UNDECLARED_SELECTOR = YES;
				GCC_WARN_UNINITIALIZED_AUTOS = YES_AGGRESSIVE;
				GCC_WARN_UNUSED_FUNCTION = YES;
				GCC_WARN_UNUSED_VARIABLE = YES;
				IPHONEOS_DEPLOYMENT_TARGET = 9.0;
				MTL_ENABLE_DEBUG_INFO = NO;
				SDKROOT = iphoneos;
				VALIDATE_PRODUCT = YES;
			};
			name = Release;
		};
		49DEE0601BC7A9C200AC965D /* Debug */ = {
			isa = XCBuildConfiguration;
			buildSettings = {
				ASSETCATALOG_COMPILER_APPICON_NAME = AppIcon;
				INFOPLIST_FILE = 3DTouchDemo/Info.plist;
				LD_RUNPATH_SEARCH_PATHS = "$(inherited) @executable_path/Frameworks";
				PRODUCT_BUNDLE_IDENTIFIER = "com.harry.-DTouchDemo";
				PRODUCT_NAME = "$(TARGET_NAME)";
			};
			name = Debug;
		};
		49DEE0611BC7A9C200AC965D /* Release */ = {
			isa = XCBuildConfiguration;
			buildSettings = {
				ASSETCATALOG_COMPILER_APPICON_NAME = AppIcon;
				INFOPLIST_FILE = 3DTouchDemo/Info.plist;
				LD_RUNPATH_SEARCH_PATHS = "$(inherited) @executable_path/Frameworks";
				PRODUCT_BUNDLE_IDENTIFIER = "com.harry.-DTouchDemo";
				PRODUCT_NAME = "$(TARGET_NAME)";
			};
			name = Release;
		};
/* End XCBuildConfiguration section */

/* Begin XCConfigurationList section */
		49DEE0481BC7A9C200AC965D /* Build configuration list for PBXProject "3DTouchDemo" */ = {
			isa = XCConfigurationList;
			buildConfigurations = (
				49DEE05D1BC7A9C200AC965D /* Debug */,
				49DEE05E1BC7A9C200AC965D /* Release */,
			);
			defaultConfigurationIsVisible = 0;
			defaultConfigurationName = Release;
		};
		49DEE05F1BC7A9C200AC965D /* Build configuration list for PBXNativeTarget "3DTouchDemo" */ = {
			isa = XCConfigurationList;
			buildConfigurations = (
				49DEE0601BC7A9C200AC965D /* Debug */,
				49DEE0611BC7A9C200AC965D /* Release */,
			);
			defaultConfigurationIsVisible = 0;
		};
/* End XCConfigurationList section */
	};
	rootObject = 49DEE0451BC7A9C200AC965D /* Project object */;
}
